
Microsoft Visual Studio Solution File, Format Version 12.00
# Visual Studio 15
VisualStudioVersion = 15.0.27130.2027
MinimumVisualStudioVersion = 10.0.40219.1
Project("{F184B08F-C81C-45F6-A57F-5ABD9991F28F}") = "Órdenes de Producción", "Órdenes de Producción\Órdenes de Producción.vbproj", "{71B51F9F-9700-48CA-AB49-B28B4F227887}"
EndProject
Global
	GlobalSection(SolutionConfigurationPlatforms) = preSolution
		Debug|Any CPU = Debug|Any CPU
		Release|Any CPU = Release|Any CPU
	EndGlobalSection
	GlobalSection(ProjectConfigurationPlatforms) = postSolution
		{71B51F9F-9700-48CA-AB49-B28B4F227887}.Debug|Any CPU.ActiveCfg = Debug|Any CPU
		{71B51F9F-9700-48CA-AB49-B28B4F227887}.Debug|Any CPU.Build.0 = Debug|Any CPU
		{71B51F9F-9700-48CA-AB49-B28B4F227887}.Release|Any CPU.ActiveCfg = Release|Any CPU
		{71B51F9F-9700-48CA-AB49-B28B4F227887}.Release|Any CPU.Build.0 = Release|Any CPU
	EndGlobalSection
	GlobalSection(SolutionProperties) = preSolution
		HideSolutionNode = FALSE
	EndGlobalSection
	GlobalSection(ExtensibilityGlobals) = postSolution
		SolutionGuid = {BB9DC329-81E0-41B2-89CC-D28DF5F9B067}
	EndGlobalSection
EndGlobal
